
Microsoft Visual Studio Solution File, Format Version 12.00
# Visual Studio Version 17
VisualStudioVersion = 17.1.32210.238
MinimumVisualStudioVersion = 10.0.40219.1
Project("{FAE04EC0-301F-11D3-BF4B-00C04F79EFBC}") = "mod7_1302204026", "mod7_1302204026.csproj", "{3A08E3BD-A454-4C17-BA6E-1A1B35C21D3F}"
EndProject
Global
	GlobalSection(SolutionConfigurationPlatforms) = preSolution
		Debug|Any CPU = Debug|Any CPU
		Release|Any CPU = Release|Any CPU
	EndGlobalSection
	GlobalSection(ProjectConfigurationPlatforms) = postSolution
		{3A08E3BD-A454-4C17-BA6E-1A1B35C21D3F}.Debug|Any CPU.ActiveCfg = Debug|Any CPU
		{3A08E3BD-A454-4C17-BA6E-1A1B35C21D3F}.Debug|Any CPU.Build.0 = Debug|Any CPU
		{3A08E3BD-A454-4C17-BA6E-1A1B35C21D3F}.Release|Any CPU.ActiveCfg = Release|Any CPU
		{3A08E3BD-A454-4C17-BA6E-1A1B35C21D3F}.Release|Any CPU.Build.0 = Release|Any CPU
	EndGlobalSection
	GlobalSection(SolutionProperties) = preSolution
		HideSolutionNode = FALSE
	EndGlobalSection
	GlobalSection(ExtensibilityGlobals) = postSolution
		SolutionGuid = {B29808B6-0490-4860-94DC-117AD46E6F35}
	EndGlobalSection
EndGlobal
